
Microsoft Visual Studio Solution File, Format Version 12.00
# Visual Studio Express 2012 for Web
Project("{FAE04EC0-301F-11D3-BF4B-00C04F79EFBC}") = "webapp-typescript", "webapp-typescript.csproj", "{99A679F7-39AD-4E13-A970-F61085CEBFC4}"
EndProject
Global
	GlobalSection(SolutionConfigurationPlatforms) = preSolution
		Debug|Any CPU = Debug|Any CPU
		Release|Any CPU = Release|Any CPU
	EndGlobalSection
	GlobalSection(ProjectConfigurationPlatforms) = postSolution
		{99A679F7-39AD-4E13-A970-F61085CEBFC4}.Debug|Any CPU.ActiveCfg = Debug|Any CPU
		{99A679F7-39AD-4E13-A970-F61085CEBFC4}.Debug|Any CPU.Build.0 = Debug|Any CPU
		{99A679F7-39AD-4E13-A970-F61085CEBFC4}.Release|Any CPU.ActiveCfg = Release|Any CPU
		{99A679F7-39AD-4E13-A970-F61085CEBFC4}.Release|Any CPU.Build.0 = Release|Any CPU
	EndGlobalSection
	GlobalSection(SolutionProperties) = preSolution
		HideSolutionNode = FALSE
	EndGlobalSection
EndGlobal
